
Microsoft Visual Studio Solution File, Format Version 12.00
# Visual Studio Version 16
VisualStudioVersion = 16.0.31911.196
MinimumVisualStudioVersion = 10.0.40219.1
Project("{9A19103F-16F7-4668-BE54-9A1E7A4F7556}") = "lab3", "lab3\lab3.csproj", "{21F303E7-AFAA-4537-BEEA-D3DD27C7E5F6}"
EndProject
Global
	GlobalSection(SolutionConfigurationPlatforms) = preSolution
		Debug|Any CPU = Debug|Any CPU
		Release|Any CPU = Release|Any CPU
	EndGlobalSection
	GlobalSection(ProjectConfigurationPlatforms) = postSolution
		{21F303E7-AFAA-4537-BEEA-D3DD27C7E5F6}.Debug|Any CPU.ActiveCfg = Debug|Any CPU
		{21F303E7-AFAA-4537-BEEA-D3DD27C7E5F6}.Debug|Any CPU.Build.0 = Debug|Any CPU
		{21F303E7-AFAA-4537-BEEA-D3DD27C7E5F6}.Release|Any CPU.ActiveCfg = Release|Any CPU
		{21F303E7-AFAA-4537-BEEA-D3DD27C7E5F6}.Release|Any CPU.Build.0 = Release|Any CPU
	EndGlobalSection
	GlobalSection(SolutionProperties) = preSolution
		HideSolutionNode = FALSE
	EndGlobalSection
	GlobalSection(ExtensibilityGlobals) = postSolution
		SolutionGuid = {942B3C87-D66C-46B6-B4ED-21F0382C40BE}
	EndGlobalSection
EndGlobal
